
Microsoft Visual Studio Solution File, Format Version 12.00
# Visual Studio Version 17
VisualStudioVersion = 17.5.002.0
MinimumVisualStudioVersion = 10.0.40219.1
Project("{9A19103F-16F7-4668-BE54-9A1E7A4F7556}") = "CaseManagement", "CaseManagement\CaseManagement.csproj", "{FA9F35DE-9087-4769-BD82-BC330E9F53BD}"
EndProject
Global
	GlobalSection(SolutionConfigurationPlatforms) = preSolution
		Debug|Any CPU = Debug|Any CPU
		Release|Any CPU = Release|Any CPU
	EndGlobalSection
	GlobalSection(ProjectConfigurationPlatforms) = postSolution
		{FA9F35DE-9087-4769-BD82-BC330E9F53BD}.Debug|Any CPU.ActiveCfg = Debug|Any CPU
		{FA9F35DE-9087-4769-BD82-BC330E9F53BD}.Debug|Any CPU.Build.0 = Debug|Any CPU
		{FA9F35DE-9087-4769-BD82-BC330E9F53BD}.Release|Any CPU.ActiveCfg = Release|Any CPU
		{FA9F35DE-9087-4769-BD82-BC330E9F53BD}.Release|Any CPU.Build.0 = Release|Any CPU
	EndGlobalSection
	GlobalSection(SolutionProperties) = preSolution
		HideSolutionNode = FALSE
	EndGlobalSection
	GlobalSection(ExtensibilityGlobals) = postSolution
		SolutionGuid = {93CD6423-4DF5-4ED9-A2E7-ACA8AFB233BB}
	EndGlobalSection
EndGlobal
